// !$*UTF8*$!
{
	archiveVersion = 1;
	classes = {
	};
	objectVersion = 46;
	objects = {

/* Begin PBXBuildFile section */
		1DB06814A14C522DD9BCBCDC /* libPods.a in Frameworks */ = {isa = PBXBuildFile; fileRef = AE1767FAEC292B87F6ACBACC /* libPods.a */; };
		685CD2211C278AD5008F0A8A /* main.m in Sources */ = {isa = PBXBuildFile; fileRef = 685CD2201C278AD5008F0A8A /* main.m */; };
		685CD2241C278AD5008F0A8A /* AppDelegate.m in Sources */ = {isa = PBXBuildFile; fileRef = 685CD2231C278AD5008F0A8A /* AppDelegate.m */; };
		685CD2271C278AD5008F0A8A /* ViewController.m in Sources */ = {isa = PBXBuildFile; fileRef = 685CD2261C278AD5008F0A8A /* ViewController.m */; };
		685CD22A1C278AD5008F0A8A /* Main.storyboard in Resources */ = {isa = PBXBuildFile; fileRef = 685CD2281C278AD5008F0A8A /* Main.storyboard */; };
		685CD22C1C278AD5008F0A8A /* Assets.xcassets in Resources */ = {isa = PBXBuildFile; fileRef = 685CD22B1C278AD5008F0A8A /* Assets.xcassets */; };
		685CD22F1C278AD5008F0A8A /* LaunchScreen.storyboard in Resources */ = {isa = PBXBuildFile; fileRef = 685CD22D1C278AD5008F0A8A /* LaunchScreen.storyboard */; };
		685CD24B1C278E2E008F0A8A /* ConstraintUtilities-Description.m in Sources */ = {isa = PBXBuildFile; fileRef = 685CD23B1C278E2E008F0A8A /* ConstraintUtilities-Description.m */; };
		685CD24C1C278E2E008F0A8A /* NSObject-Description.m in Sources */ = {isa = PBXBuildFile; fileRef = 685CD23D1C278E2E008F0A8A /* NSObject-Description.m */; };
		685CD24D1C278E2E008F0A8A /* ConstraintUtilities-Install.m in Sources */ = {isa = PBXBuildFile; fileRef = 685CD2401C278E2E008F0A8A /* ConstraintUtilities-Install.m */; };
		685CD24E1C278E2E008F0A8A /* ConstraintUtilities-Layout.m in Sources */ = {isa = PBXBuildFile; fileRef = 685CD2431C278E2E008F0A8A /* ConstraintUtilities-Layout.m */; };
		685CD24F1C278E2E008F0A8A /* ConstraintUtilities-Matching.m in Sources */ = {isa = PBXBuildFile; fileRef = 685CD2461C278E2E008F0A8A /* ConstraintUtilities-Matching.m */; };
		685CD2501C278E2E008F0A8A /* NSObject-Nametag.m in Sources */ = {isa = PBXBuildFile; fileRef = 685CD2481C278E2E008F0A8A /* NSObject-Nametag.m */; };
/* End PBXBuildFile section */

/* Begin PBXFileReference section */
		5BAE9CF27CE537966CB247D4 /* Pods.release.xcconfig */ = {isa = PBXFileReference; includeInIndex = 1; lastKnownFileType = text.xcconfig; name = Pods.release.xcconfig; path = "Pods/Target Support Files/Pods/Pods.release.xcconfig"; sourceTree = "<group>"; };
		685CD21C1C278AD5008F0A8A /* mttt.app */ = {isa = PBXFileReference; explicitFileType = wrapper.application; includeInIndex = 0; path = mttt.app; sourceTree = BUILT_PRODUCTS_DIR; };
		685CD2201C278AD5008F0A8A /* main.m */ = {isa = PBXFileReference; lastKnownFileType = sourcecode.c.objc; path = main.m; sourceTree = "<group>"; };
		685CD2221C278AD5008F0A8A /* AppDelegate.h */ = {isa = PBXFileReference; lastKnownFileType = sourcecode.c.h; path = AppDelegate.h; sourceTree = "<group>"; };
		685CD2231C278AD5008F0A8A /* AppDelegate.m */ = {isa = PBXFileReference; lastKnownFileType = sourcecode.c.objc; path = AppDelegate.m; sourceTree = "<group>"; };
		685CD2251C278AD5008F0A8A /* ViewController.h */ = {isa = PBXFileReference; lastKnownFileType = sourcecode.c.h; path = ViewController.h; sourceTree = "<group>"; };
		685CD2261C278AD5008F0A8A /* ViewController.m */ = {isa = PBXFileReference; lastKnownFileType = sourcecode.c.objc; path = ViewController.m; sourceTree = "<group>"; };
		685CD2291C278AD5008F0A8A /* Base */ = {isa = PBXFileReference; lastKnownFileType = file.storyboard; name = Base; path = Base.lproj/Main.storyboard; sourceTree = "<group>"; };
		685CD22B1C278AD5008F0A8A /* Assets.xcassets */ = {isa = PBXFileReference; lastKnownFileType = folder.assetcatalog; path = Assets.xcassets; sourceTree = "<group>"; };
		685CD22E1C278AD5008F0A8A /* Base */ = {isa = PBXFileReference; lastKnownFileType = file.storyboard; name = Base; path = Base.lproj/LaunchScreen.storyboard; sourceTree = "<group>"; };
		685CD2301C278AD5008F0A8A /* Info.plist */ = {isa = PBXFileReference; lastKnownFileType = text.plist.xml; path = Info.plist; sourceTree = "<group>"; };
		685CD2381C278E2E008F0A8A /* Constrain_Utility.h */ = {isa = PBXFileReference; fileEncoding = 4; lastKnownFileType = sourcecode.c.h; path = Constrain_Utility.h; sourceTree = "<group>"; };
		685CD23A1C278E2E008F0A8A /* ConstraintUtilities-Description.h */ = {isa = PBXFileReference; fileEncoding = 4; lastKnownFileType = sourcecode.c.h; path = "ConstraintUtilities-Description.h"; sourceTree = "<group>"; };
		685CD23B1C278E2E008F0A8A /* ConstraintUtilities-Description.m */ = {isa = PBXFileReference; fileEncoding = 4; lastKnownFileType = sourcecode.c.objc; path = "ConstraintUtilities-Description.m"; sourceTree = "<group>"; };
		685CD23C1C278E2E008F0A8A /* NSObject-Description.h */ = {isa = PBXFileReference; fileEncoding = 4; lastKnownFileType = sourcecode.c.h; path = "NSObject-Description.h"; sourceTree = "<group>"; };
		685CD23D1C278E2E008F0A8A /* NSObject-Description.m */ = {isa = PBXFileReference; fileEncoding = 4; lastKnownFileType = sourcecode.c.objc; path = "NSObject-Description.m"; sourceTree = "<group>"; };
		685CD23F1C278E2E008F0A8A /* ConstraintUtilities-Install.h */ = {isa = PBXFileReference; fileEncoding = 4; lastKnownFileType = sourcecode.c.h; path = "ConstraintUtilities-Install.h"; sourceTree = "<group>"; };
		685CD2401C278E2E008F0A8A /* ConstraintUtilities-Install.m */ = {isa = PBXFileReference; fileEncoding = 4; lastKnownFileType = sourcecode.c.objc; path = "ConstraintUtilities-Install.m"; sourceTree = "<group>"; };
		685CD2421C278E2E008F0A8A /* ConstraintUtilities-Layout.h */ = {isa = PBXFileReference; fileEncoding = 4; lastKnownFileType = sourcecode.c.h; path = "ConstraintUtilities-Layout.h"; sourceTree = "<group>"; };
		685CD2431C278E2E008F0A8A /* ConstraintUtilities-Layout.m */ = {isa = PBXFileReference; fileEncoding = 4; lastKnownFileType = sourcecode.c.objc; path = "ConstraintUtilities-Layout.m"; sourceTree = "<group>"; };
		685CD2451C278E2E008F0A8A /* ConstraintUtilities-Matching.h */ = {isa = PBXFileReference; fileEncoding = 4; lastKnownFileType = sourcecode.c.h; path = "ConstraintUtilities-Matching.h"; sourceTree = "<group>"; };
		685CD2461C278E2E008F0A8A /* ConstraintUtilities-Matching.m */ = {isa = PBXFileReference; fileEncoding = 4; lastKnownFileType = sourcecode.c.objc; path = "ConstraintUtilities-Matching.m"; sourceTree = "<group>"; };
		685CD2471C278E2E008F0A8A /* NSObject-Nametag.h */ = {isa = PBXFileReference; fileEncoding = 4; lastKnownFileType = sourcecode.c.h; path = "NSObject-Nametag.h"; sourceTree = "<group>"; };
		685CD2481C278E2E008F0A8A /* NSObject-Nametag.m */ = {isa = PBXFileReference; fileEncoding = 4; lastKnownFileType = sourcecode.c.objc; path = "NSObject-Nametag.m"; sourceTree = "<group>"; };
		685CD2491C278E2E008F0A8A /* Constraints-CreationMacros.h */ = {isa = PBXFileReference; fileEncoding = 4; lastKnownFileType = sourcecode.c.h; path = "Constraints-CreationMacros.h"; sourceTree = "<group>"; };
		685CD24A1C278E2E008F0A8A /* Constraints.h */ = {isa = PBXFileReference; fileEncoding = 4; lastKnownFileType = sourcecode.c.h; path = Constraints.h; sourceTree = "<group>"; };
		685CD2551C278F6F008F0A8A /* mtttPCH.pch */ = {isa = PBXFileReference; lastKnownFileType = sourcecode.c.h; path = mtttPCH.pch; sourceTree = "<group>"; };
		AE1767FAEC292B87F6ACBACC /* libPods.a */ = {isa = PBXFileReference; explicitFileType = archive.ar; includeInIndex = 0; path = libPods.a; sourceTree = BUILT_PRODUCTS_DIR; };
		D95DDCC2A56CA0C68B2A7B8C /* Pods.debug.xcconfig */ = {isa = PBXFileReference; includeInIndex = 1; lastKnownFileType = text.xcconfig; name = Pods.debug.xcconfig; path = "Pods/Target Support Files/Pods/Pods.debug.xcconfig"; sourceTree = "<group>"; };
/* End PBXFileReference section */

/* Begin PBXFrameworksBuildPhase section */
		685CD2191C278AD5008F0A8A /* Frameworks */ = {
			isa = PBXFrameworksBuildPhase;
			buildActionMask = 2147483647;
			files = (
				1DB06814A14C522DD9BCBCDC /* libPods.a in Frameworks */,
			);
			runOnlyForDeploymentPostprocessing = 0;
		};
/* End PBXFrameworksBuildPhase section */

/* Begin PBXGroup section */
		24B3318B29D07EA714B580F6 /* Pods */ = {
			isa = PBXGroup;
			children = (
				D95DDCC2A56CA0C68B2A7B8C /* Pods.debug.xcconfig */,
				5BAE9CF27CE537966CB247D4 /* Pods.release.xcconfig */,
			);
			name = Pods;
			sourceTree = "<group>";
		};
		2DA0781BA681AEC40D1AB7A6 /* Frameworks */ = {
			isa = PBXGroup;
			children = (
				AE1767FAEC292B87F6ACBACC /* libPods.a */,
			);
			name = Frameworks;
			sourceTree = "<group>";
		};
		685CD2131C278AD5008F0A8A = {
			isa = PBXGroup;
			children = (
				685CD21E1C278AD5008F0A8A /* mttt */,
				685CD21D1C278AD5008F0A8A /* Products */,
				24B3318B29D07EA714B580F6 /* Pods */,
				2DA0781BA681AEC40D1AB7A6 /* Frameworks */,
			);
			sourceTree = "<group>";
		};
		685CD21D1C278AD5008F0A8A /* Products */ = {
			isa = PBXGroup;
			children = (
				685CD21C1C278AD5008F0A8A /* mttt.app */,
			);
			name = Products;
			sourceTree = "<group>";
		};
		685CD21E1C278AD5008F0A8A /* mttt */ = {
			isa = PBXGroup;
			children = (
				685CD2521C278EF2008F0A8A /* Controllers */,
				685CD2511C278EED008F0A8A /* Views */,
				685CD2361C278E0B008F0A8A /* UICommon */,
				685CD2531C278F0B008F0A8A /* Storage */,
				685CD2541C278F24008F0A8A /* Managers */,
				685CD2221C278AD5008F0A8A /* AppDelegate.h */,
				685CD2231C278AD5008F0A8A /* AppDelegate.m */,
				685CD2251C278AD5008F0A8A /* ViewController.h */,
				685CD2261C278AD5008F0A8A /* ViewController.m */,
				685CD2281C278AD5008F0A8A /* Main.storyboard */,
				685CD22B1C278AD5008F0A8A /* Assets.xcassets */,
				685CD22D1C278AD5008F0A8A /* LaunchScreen.storyboard */,
				685CD2301C278AD5008F0A8A /* Info.plist */,
				685CD21F1C278AD5008F0A8A /* Supporting Files */,
			);
			path = mttt;
			sourceTree = "<group>";
		};
		685CD21F1C278AD5008F0A8A /* Supporting Files */ = {
			isa = PBXGroup;
			children = (
				685CD2201C278AD5008F0A8A /* main.m */,
				685CD2551C278F6F008F0A8A /* mtttPCH.pch */,
			);
			name = "Supporting Files";
			sourceTree = "<group>";
		};
		685CD2361C278E0B008F0A8A /* UICommon */ = {
			isa = PBXGroup;
			children = (
				685CD2371C278E2E008F0A8A /* Constraints */,
			);
			path = UICommon;
			sourceTree = "<group>";
		};
		685CD2371C278E2E008F0A8A /* Constraints */ = {
			isa = PBXGroup;
			children = (
				685CD2381C278E2E008F0A8A /* Constrain_Utility.h */,
				685CD2391C278E2E008F0A8A /* Constraint Description */,
				685CD23E1C278E2E008F0A8A /* Constraint Install */,
				685CD2411C278E2E008F0A8A /* Constraint Layout */,
				685CD2441C278E2E008F0A8A /* Constraint Matching */,
				685CD2491C278E2E008F0A8A /* Constraints-CreationMacros.h */,
				685CD24A1C278E2E008F0A8A /* Constraints.h */,
			);
			path = Constraints;
			sourceTree = "<group>";
		};
		685CD2391C278E2E008F0A8A /* Constraint Description */ = {
			isa = PBXGroup;
			children = (
				685CD23A1C278E2E008F0A8A /* ConstraintUtilities-Description.h */,
				685CD23B1C278E2E008F0A8A /* ConstraintUtilities-Description.m */,
				685CD23C1C278E2E008F0A8A /* NSObject-Description.h */,
				685CD23D1C278E2E008F0A8A /* NSObject-Description.m */,
			);
			path = "Constraint Description";
			sourceTree = "<group>";
		};
		685CD23E1C278E2E008F0A8A /* Constraint Install */ = {
			isa = PBXGroup;
			children = (
				685CD23F1C278E2E008F0A8A /* ConstraintUtilities-Install.h */,
				685CD2401C278E2E008F0A8A /* ConstraintUtilities-Install.m */,
			);
			path = "Constraint Install";
			sourceTree = "<group>";
		};
		685CD2411C278E2E008F0A8A /* Constraint Layout */ = {
			isa = PBXGroup;
			children = (
				685CD2421C278E2E008F0A8A /* ConstraintUtilities-Layout.h */,
				685CD2431C278E2E008F0A8A /* ConstraintUtilities-Layout.m */,
			);
			path = "Constraint Layout";
			sourceTree = "<group>";
		};
		685CD2441C278E2E008F0A8A /* Constraint Matching */ = {
			isa = PBXGroup;
			children = (
				685CD2451C278E2E008F0A8A /* ConstraintUtilities-Matching.h */,
				685CD2461C278E2E008F0A8A /* ConstraintUtilities-Matching.m */,
				685CD2471C278E2E008F0A8A /* NSObject-Nametag.h */,
				685CD2481C278E2E008F0A8A /* NSObject-Nametag.m */,
			);
			path = "Constraint Matching";
			sourceTree = "<group>";
		};
		685CD2511C278EED008F0A8A /* Views */ = {
			isa = PBXGroup;
			children = (
			);
			path = Views;
			sourceTree = "<group>";
		};
		685CD2521C278EF2008F0A8A /* Controllers */ = {
			isa = PBXGroup;
			children = (
			);
			path = Controllers;
			sourceTree = "<group>";
		};
		685CD2531C278F0B008F0A8A /* Storage */ = {
			isa = PBXGroup;
			children = (
			);
			path = Storage;
			sourceTree = "<group>";
		};
		685CD2541C278F24008F0A8A /* Managers */ = {
			isa = PBXGroup;
			children = (
			);
			path = Managers;
			sourceTree = "<group>";
		};
/* End PBXGroup section */

/* Begin PBXNativeTarget section */
		685CD21B1C278AD5008F0A8A /* mttt */ = {
			isa = PBXNativeTarget;
			buildConfigurationList = 685CD2331C278AD5008F0A8A /* Build configuration list for PBXNativeTarget "mttt" */;
			buildPhases = (
				810B7DD0D7E278B3FC013913 /* Check Pods Manifest.lock */,
				685CD2181C278AD5008F0A8A /* Sources */,
				685CD2191C278AD5008F0A8A /* Frameworks */,
				685CD21A1C278AD5008F0A8A /* Resources */,
				83170B1528052340307DD145 /* Embed Pods Frameworks */,
				8C6965F5E9A313952B1DD7D7 /* Copy Pods Resources */,
			);
			buildRules = (
			);
			dependencies = (
			);
			name = mttt;
			productName = mttt;
			productReference = 685CD21C1C278AD5008F0A8A /* mttt.app */;
			productType = "com.apple.product-type.application";
		};
/* End PBXNativeTarget section */

/* Begin PBXProject section */
		685CD2141C278AD5008F0A8A /* Project object */ = {
			isa = PBXProject;
			attributes = {
				LastUpgradeCheck = 0720;
				ORGANIZATIONNAME = ZhangMeng;
				TargetAttributes = {
					685CD21B1C278AD5008F0A8A = {
						CreatedOnToolsVersion = 7.2;
					};
				};
			};
			buildConfigurationList = 685CD2171C278AD5008F0A8A /* Build configuration list for PBXProject "mttt" */;
			compatibilityVersion = "Xcode 3.2";
			developmentRegion = English;
			hasScannedForEncodings = 0;
			knownRegions = (
				en,
				Base,
			);
			mainGroup = 685CD2131C278AD5008F0A8A;
			productRefGroup = 685CD21D1C278AD5008F0A8A /* Products */;
			projectDirPath = "";
			projectRoot = "";
			targets = (
				685CD21B1C278AD5008F0A8A /* mttt */,
			);
		};
/* End PBXProject section */

/* Begin PBXResourcesBuildPhase section */
		685CD21A1C278AD5008F0A8A /* Resources */ = {
			isa = PBXResourcesBuildPhase;
			buildActionMask = 2147483647;
			files = (
				685CD22F1C278AD5008F0A8A /* LaunchScreen.storyboard in Resources */,
				685CD22C1C278AD5008F0A8A /* Assets.xcassets in Resources */,
				685CD22A1C278AD5008F0A8A /* Main.storyboard in Resources */,
			);
			runOnlyForDeploymentPostprocessing = 0;
		};
/* End PBXResourcesBuildPhase section */

/* Begin PBXShellScriptBuildPhase section */
		810B7DD0D7E278B3FC013913 /* Check Pods Manifest.lock */ = {
			isa = PBXShellScriptBuildPhase;
			buildActionMask = 2147483647;
			files = (
			);
			inputPaths = (
			);
			name = "Check Pods Manifest.lock";
			outputPaths = (
			);
			runOnlyForDeploymentPostprocessing = 0;
			shellPath = /bin/sh;
			shellScript = "diff \"${PODS_ROOT}/../Podfile.lock\" \"${PODS_ROOT}/Manifest.lock\" > /dev/null\nif [[ $? != 0 ]] ; then\n    cat << EOM\nerror: The sandbox is not in sync with the Podfile.lock. Run 'pod install' or update your CocoaPods installation.\nEOM\n    exit 1\nfi\n";
			showEnvVarsInLog = 0;
		};
		83170B1528052340307DD145 /* Embed Pods Frameworks */ = {
			isa = PBXShellScriptBuildPhase;
			buildActionMask = 2147483647;
			files = (
			);
			inputPaths = (
			);
			name = "Embed Pods Frameworks";
			outputPaths = (
			);
			runOnlyForDeploymentPostprocessing = 0;
			shellPath = /bin/sh;
			shellScript = "\"${SRCROOT}/Pods/Target Support Files/Pods/Pods-frameworks.sh\"\n";
			showEnvVarsInLog = 0;
		};
		8C6965F5E9A313952B1DD7D7 /* Copy Pods Resources */ = {
			isa = PBXShellScriptBuildPhase;
			buildActionMask = 2147483647;
			files = (
			);
			inputPaths = (
			);
			name = "Copy Pods Resources";
			outputPaths = (
			);
			runOnlyForDeploymentPostprocessing = 0;
			shellPath = /bin/sh;
			shellScript = "\"${SRCROOT}/Pods/Target Support Files/Pods/Pods-resources.sh\"\n";
			showEnvVarsInLog = 0;
		};
/* End PBXShellScriptBuildPhase section */

/* Begin PBXSourcesBuildPhase section */
		685CD2181C278AD5008F0A8A /* Sources */ = {
			isa = PBXSourcesBuildPhase;
			buildActionMask = 2147483647;
			files = (
				685CD24C1C278E2E008F0A8A /* NSObject-Description.m in Sources */,
				685CD2271C278AD5008F0A8A /* ViewController.m in Sources */,
				685CD24F1C278E2E008F0A8A /* ConstraintUtilities-Matching.m in Sources */,
				685CD2241C278AD5008F0A8A /* AppDelegate.m in Sources */,
				685CD24B1C278E2E008F0A8A /* ConstraintUtilities-Description.m in Sources */,
				685CD2501C278E2E008F0A8A /* NSObject-Nametag.m in Sources */,
				685CD2211C278AD5008F0A8A /* main.m in Sources */,
				685CD24D1C278E2E008F0A8A /* ConstraintUtilities-Install.m in Sources */,
				685CD24E1C278E2E008F0A8A /* ConstraintUtilities-Layout.m in Sources */,
			);
			runOnlyForDeploymentPostprocessing = 0;
		};
/* End PBXSourcesBuildPhase section */

/* Begin PBXVariantGroup section */
		685CD2281C278AD5008F0A8A /* Main.storyboard */ = {
			isa = PBXVariantGroup;
			children = (
				685CD2291C278AD5008F0A8A /* Base */,
			);
			name = Main.storyboard;
			sourceTree = "<group>";
		};
		685CD22D1C278AD5008F0A8A /* LaunchScreen.storyboard */ = {
			isa = PBXVariantGroup;
			children = (
				685CD22E1C278AD5008F0A8A /* Base */,
			);
			name = LaunchScreen.storyboard;
			sourceTree = "<group>";
		};
/* End PBXVariantGroup section */

/* Begin XCBuildConfiguration section */
		685CD2311C278AD5008F0A8A /* Debug */ = {
			isa = XCBuildConfiguration;
			buildSettings = {
				ALWAYS_SEARCH_USER_PATHS = NO;
				CLANG_CXX_LANGUAGE_STANDARD = "gnu++0x";
				CLANG_CXX_LIBRARY = "libc++";
				CLANG_ENABLE_MODULES = YES;
				CLANG_ENABLE_OBJC_ARC = YES;
				CLANG_WARN_BOOL_CONVERSION = YES;
				CLANG_WARN_CONSTANT_CONVERSION = YES;
				CLANG_WARN_DIRECT_OBJC_ISA_USAGE = YES_ERROR;
				CLANG_WARN_EMPTY_BODY = YES;
				CLANG_WARN_ENUM_CONVERSION = YES;
				CLANG_WARN_INT_CONVERSION = YES;
				CLANG_WARN_OBJC_ROOT_CLASS = YES_ERROR;
				CLANG_WARN_UNREACHABLE_CODE = YES;
				CLANG_WARN__DUPLICATE_METHOD_MATCH = YES;
				"CODE_SIGN_IDENTITY[sdk=iphoneos*]" = "iPhone Developer";
				COPY_PHASE_STRIP = NO;
				DEBUG_INFORMATION_FORMAT = dwarf;
				ENABLE_STRICT_OBJC_MSGSEND = YES;
				ENABLE_TESTABILITY = YES;
				GCC_C_LANGUAGE_STANDARD = gnu99;
				GCC_DYNAMIC_NO_PIC = NO;
				GCC_NO_COMMON_BLOCKS = YES;
				GCC_OPTIMIZATION_LEVEL = 0;
				GCC_PREPROCESSOR_DEFINITIONS = (
					"DEBUG=1",
					"$(inherited)",
				);
				GCC_WARN_64_TO_32_BIT_CONVERSION = YES;
				GCC_WARN_ABOUT_RETURN_TYPE = YES_ERROR;
				GCC_WARN_UNDECLARED_SELECTOR = YES;
				GCC_WARN_UNINITIALIZED_AUTOS = YES_AGGRESSIVE;
				GCC_WARN_UNUSED_FUNCTION = YES;
				GCC_WARN_UNUSED_VARIABLE = YES;
				IPHONEOS_DEPLOYMENT_TARGET = 9.2;
				MTL_ENABLE_DEBUG_INFO = YES;
				ONLY_ACTIVE_ARCH = YES;
				SDKROOT = iphoneos;
			};
			name = Debug;
		};
		685CD2321C278AD5008F0A8A /* Release */ = {
			isa = XCBuildConfiguration;
			buildSettings = {
				ALWAYS_SEARCH_USER_PATHS = NO;
				CLANG_CXX_LANGUAGE_STANDARD = "gnu++0x";
				CLANG_CXX_LIBRARY = "libc++";
				CLANG_ENABLE_MODULES = YES;
				CLANG_ENABLE_OBJC_ARC = YES;
				CLANG_WARN_BOOL_CONVERSION = YES;
				CLANG_WARN_CONSTANT_CONVERSION = YES;
				CLANG_WARN_DIRECT_OBJC_ISA_USAGE = YES_ERROR;
				CLANG_WARN_EMPTY_BODY = YES;
				CLANG_WARN_ENUM_CONVERSION = YES;
				CLANG_WARN_INT_CONVERSION = YES;
				CLANG_WARN_OBJC_ROOT_CLASS = YES_ERROR;
				CLANG_WARN_UNREACHABLE_CODE = YES;
				CLANG_WARN__DUPLICATE_METHOD_MATCH = YES;
				"CODE_SIGN_IDENTITY[sdk=iphoneos*]" = "iPhone Developer";
				COPY_PHASE_STRIP = NO;
				DEBUG_INFORMATION_FORMAT = "dwarf-with-dsym";
				ENABLE_NS_ASSERTIONS = NO;
				ENABLE_STRICT_OBJC_MSGSEND = YES;
				GCC_C_LANGUAGE_STANDARD = gnu99;
				GCC_NO_COMMON_BLOCKS = YES;
				GCC_WARN_64_TO_32_BIT_CONVERSION = YES;
				GCC_WARN_ABOUT_RETURN_TYPE = YES_ERROR;
				GCC_WARN_UNDECLARED_SELECTOR = YES;
				GCC_WARN_UNINITIALIZED_AUTOS = YES_AGGRESSIVE;
				GCC_WARN_UNUSED_FUNCTION = YES;
				GCC_WARN_UNUSED_VARIABLE = YES;
				IPHONEOS_DEPLOYMENT_TARGET = 9.2;
				MTL_ENABLE_DEBUG_INFO = NO;
				SDKROOT = iphoneos;
				VALIDATE_PRODUCT = YES;
			};
			name = Release;
		};
		685CD2341C278AD5008F0A8A /* Debug */ = {
			isa = XCBuildConfiguration;
			baseConfigurationReference = D95DDCC2A56CA0C68B2A7B8C /* Pods.debug.xcconfig */;
			buildSettings = {
				ASSETCATALOG_COMPILER_APPICON_NAME = AppIcon;
				GCC_PRECOMPILE_PREFIX_HEADER = YES;
				GCC_PREFIX_HEADER = mttt/mtttPCH.pch;
				INFOPLIST_FILE = mttt/Info.plist;
				LD_RUNPATH_SEARCH_PATHS = "$(inherited) @executable_path/Frameworks";
				PRODUCT_BUNDLE_IDENTIFIER = testAB.mttt;
				PRODUCT_NAME = "$(TARGET_NAME)";
			};
			name = Debug;
		};
		685CD2351C278AD5008F0A8A /* Release */ = {
			isa = XCBuildConfiguration;
			baseConfigurationReference = 5BAE9CF27CE537966CB247D4 /* Pods.release.xcconfig */;
			buildSettings = {
				ASSETCATALOG_COMPILER_APPICON_NAME = AppIcon;
				GCC_PRECOMPILE_PREFIX_HEADER = YES;
				GCC_PREFIX_HEADER = mttt/mtttPCH.pch;
				INFOPLIST_FILE = mttt/Info.plist;
				LD_RUNPATH_SEARCH_PATHS = "$(inherited) @executable_path/Frameworks";
				PRODUCT_BUNDLE_IDENTIFIER = testAB.mttt;
				PRODUCT_NAME = "$(TARGET_NAME)";
			};
			name = Release;
		};
/* End XCBuildConfiguration section */

/* Begin XCConfigurationList section */
		685CD2171C278AD5008F0A8A /* Build configuration list for PBXProject "mttt" */ = {
			isa = XCConfigurationList;
			buildConfigurations = (
				685CD2311C278AD5008F0A8A /* Debug */,
				685CD2321C278AD5008F0A8A /* Release */,
			);
			defaultConfigurationIsVisible = 0;
			defaultConfigurationName = Release;
		};
		685CD2331C278AD5008F0A8A /* Build configuration list for PBXNativeTarget "mttt" */ = {
			isa = XCConfigurationList;
			buildConfigurations = (
				685CD2341C278AD5008F0A8A /* Debug */,
				685CD2351C278AD5008F0A8A /* Release */,
			);
			defaultConfigurationIsVisible = 0;
			defaultConfigurationName = Release;
		};
/* End XCConfigurationList section */
	};
	rootObject = 685CD2141C278AD5008F0A8A /* Project object */;
}
